
Microsoft Visual Studio Solution File, Format Version 12.00
# Visual Studio Version 17
VisualStudioVersion = 17.9.34728.123
MinimumVisualStudioVersion = 10.0.40219.1
Project("{FAE04EC0-301F-11D3-BF4B-00C04F79EFBC}") = "MyNotesPet", "MyNotesPet\MyNotesPet.csproj", "{0DD34954-7F7B-4838-A844-FF4DA55210E4}"
EndProject
Global
	GlobalSection(SolutionConfigurationPlatforms) = preSolution
		Debug|Any CPU = Debug|Any CPU
		Release|Any CPU = Release|Any CPU
	EndGlobalSection
	GlobalSection(ProjectConfigurationPlatforms) = postSolution
		{0DD34954-7F7B-4838-A844-FF4DA55210E4}.Debug|Any CPU.ActiveCfg = Debug|Any CPU
		{0DD34954-7F7B-4838-A844-FF4DA55210E4}.Debug|Any CPU.Build.0 = Debug|Any CPU
		{0DD34954-7F7B-4838-A844-FF4DA55210E4}.Release|Any CPU.ActiveCfg = Release|Any CPU
		{0DD34954-7F7B-4838-A844-FF4DA55210E4}.Release|Any CPU.Build.0 = Release|Any CPU
	EndGlobalSection
	GlobalSection(SolutionProperties) = preSolution
		HideSolutionNode = FALSE
	EndGlobalSection
	GlobalSection(ExtensibilityGlobals) = postSolution
		SolutionGuid = {AF824F52-F746-46BF-BDA1-9C814CC9CDB9}
	EndGlobalSection
EndGlobal
